
Microsoft Visual Studio Solution File, Format Version 12.00
# Visual Studio Version 17
VisualStudioVersion = 17.2.32630.192
MinimumVisualStudioVersion = 10.0.40219.1
Project("{9A19103F-16F7-4668-BE54-9A1E7A4F7556}") = "AuthenticationServer.API", "AuthenticationServer.API\AuthenticationServer.API.csproj", "{FA191099-96BC-4EA7-A816-C08C15212244}"
EndProject
Project("{9A19103F-16F7-4668-BE54-9A1E7A4F7556}") = "ClientApplication", "ClientApplication\ClientApplication.csproj", "{37625853-D645-40D0-9367-ADB38E3AAC07}"
EndProject
Project("{9A19103F-16F7-4668-BE54-9A1E7A4F7556}") = "Taxi.WebApi", "taxi.Webapi\Taxi.WebApi.csproj", "{8BA8593D-0AF4-4F98-9BAF-82AF30568467}"
EndProject
Project("{E53339B2-1760-4266-BCC7-CA923CBCF16C}") = "docker-compose", "docker-compose.dcproj", "{F5EF0664-6F5E-4742-BDA5-F18E6B5C692A}"
EndProject
Project("{FAE04EC0-301F-11D3-BF4B-00C04F79EFBC}") = "DatabaseInitializer", "DatabaseInitializer\DatabaseInitializer.csproj", "{FE0CA916-FB43-47DB-BF2B-AF40415CCB13}"
EndProject
Global
	GlobalSection(SolutionConfigurationPlatforms) = preSolution
		Debug|Any CPU = Debug|Any CPU
		Release|Any CPU = Release|Any CPU
	EndGlobalSection
	GlobalSection(ProjectConfigurationPlatforms) = postSolution
		{FA191099-96BC-4EA7-A816-C08C15212244}.Debug|Any CPU.ActiveCfg = Debug|Any CPU
		{FA191099-96BC-4EA7-A816-C08C15212244}.Debug|Any CPU.Build.0 = Debug|Any CPU
		{FA191099-96BC-4EA7-A816-C08C15212244}.Release|Any CPU.ActiveCfg = Release|Any CPU
		{FA191099-96BC-4EA7-A816-C08C15212244}.Release|Any CPU.Build.0 = Release|Any CPU
		{37625853-D645-40D0-9367-ADB38E3AAC07}.Debug|Any CPU.ActiveCfg = Debug|Any CPU
		{37625853-D645-40D0-9367-ADB38E3AAC07}.Debug|Any CPU.Build.0 = Debug|Any CPU
		{37625853-D645-40D0-9367-ADB38E3AAC07}.Release|Any CPU.ActiveCfg = Release|Any CPU
		{37625853-D645-40D0-9367-ADB38E3AAC07}.Release|Any CPU.Build.0 = Release|Any CPU
		{8BA8593D-0AF4-4F98-9BAF-82AF30568467}.Debug|Any CPU.ActiveCfg = Debug|Any CPU
		{8BA8593D-0AF4-4F98-9BAF-82AF30568467}.Debug|Any CPU.Build.0 = Debug|Any CPU
		{8BA8593D-0AF4-4F98-9BAF-82AF30568467}.Release|Any CPU.ActiveCfg = Release|Any CPU
		{8BA8593D-0AF4-4F98-9BAF-82AF30568467}.Release|Any CPU.Build.0 = Release|Any CPU
		{F5EF0664-6F5E-4742-BDA5-F18E6B5C692A}.Debug|Any CPU.ActiveCfg = Debug|Any CPU
		{F5EF0664-6F5E-4742-BDA5-F18E6B5C692A}.Debug|Any CPU.Build.0 = Debug|Any CPU
		{F5EF0664-6F5E-4742-BDA5-F18E6B5C692A}.Release|Any CPU.ActiveCfg = Release|Any CPU
		{F5EF0664-6F5E-4742-BDA5-F18E6B5C692A}.Release|Any CPU.Build.0 = Release|Any CPU
		{FE0CA916-FB43-47DB-BF2B-AF40415CCB13}.Debug|Any CPU.ActiveCfg = Debug|Any CPU
		{FE0CA916-FB43-47DB-BF2B-AF40415CCB13}.Debug|Any CPU.Build.0 = Debug|Any CPU
		{FE0CA916-FB43-47DB-BF2B-AF40415CCB13}.Release|Any CPU.ActiveCfg = Release|Any CPU
		{FE0CA916-FB43-47DB-BF2B-AF40415CCB13}.Release|Any CPU.Build.0 = Release|Any CPU
	EndGlobalSection
	GlobalSection(SolutionProperties) = preSolution
		HideSolutionNode = FALSE
	EndGlobalSection
	GlobalSection(ExtensibilityGlobals) = postSolution
		SolutionGuid = {1D59DB2B-B101-48D2-BA2C-C4BB28597A81}
	EndGlobalSection
EndGlobal
